// !$*UTF8*$!
{
	archiveVersion = 1;
	classes = {
	};
	objectVersion = 46;
	objects = {

/* Begin PBXBuildFile section */
		F8322C4A1C4BD588004EE01B /* AppDelegate.swift in Sources */ = {isa = PBXBuildFile; fileRef = F8322C491C4BD588004EE01B /* AppDelegate.swift */; };
		F8322C4F1C4BD588004EE01B /* Main.storyboard in Resources */ = {isa = PBXBuildFile; fileRef = F8322C4D1C4BD588004EE01B /* Main.storyboard */; };
		F8322C521C4BD588004EE01B /* LunchPicker.xcdatamodeld in Sources */ = {isa = PBXBuildFile; fileRef = F8322C501C4BD588004EE01B /* LunchPicker.xcdatamodeld */; };
		F8322C541C4BD588004EE01B /* Assets.xcassets in Resources */ = {isa = PBXBuildFile; fileRef = F8322C531C4BD588004EE01B /* Assets.xcassets */; };
		F8322C571C4BD588004EE01B /* LaunchScreen.storyboard in Resources */ = {isa = PBXBuildFile; fileRef = F8322C551C4BD588004EE01B /* LaunchScreen.storyboard */; };
		F8322C621C4BD588004EE01B /* LunchPickerTests.swift in Sources */ = {isa = PBXBuildFile; fileRef = F8322C611C4BD588004EE01B /* LunchPickerTests.swift */; };
		F8322C6D1C4BD588004EE01B /* LunchPickerUITests.swift in Sources */ = {isa = PBXBuildFile; fileRef = F8322C6C1C4BD588004EE01B /* LunchPickerUITests.swift */; };
		F8322C7B1C4BD65C004EE01B /* DataManager.swift in Sources */ = {isa = PBXBuildFile; fileRef = F8322C7A1C4BD65C004EE01B /* DataManager.swift */; };
		F8322C7E1C4BD6A3004EE01B /* RestaurantsEntity+CoreDataProperties.swift in Sources */ = {isa = PBXBuildFile; fileRef = F8322C7C1C4BD6A3004EE01B /* RestaurantsEntity+CoreDataProperties.swift */; };
		F8322C7F1C4BD6A3004EE01B /* RestaurantsEntity.swift in Sources */ = {isa = PBXBuildFile; fileRef = F8322C7D1C4BD6A3004EE01B /* RestaurantsEntity.swift */; };
		F8322C831C4BDA30004EE01B /* AddRestaurantViewController.swift in Sources */ = {isa = PBXBuildFile; fileRef = F8322C821C4BDA30004EE01B /* AddRestaurantViewController.swift */; };
		F8322C851C4BDCC4004EE01B /* ManageRestaurantsViewController.swift in Sources */ = {isa = PBXBuildFile; fileRef = F8322C841C4BDCC4004EE01B /* ManageRestaurantsViewController.swift */; };
		F8322C871C4BE051004EE01B /* MainViewController.swift in Sources */ = {isa = PBXBuildFile; fileRef = F8322C861C4BE051004EE01B /* MainViewController.swift */; };
		F8CF39D41C53BF27009A5420 /* LocalMapViewController.swift in Sources */ = {isa = PBXBuildFile; fileRef = F8CF39D31C53BF27009A5420 /* LocalMapViewController.swift */; };
/* End PBXBuildFile section */

/* Begin PBXContainerItemProxy section */
		F8322C5E1C4BD588004EE01B /* PBXContainerItemProxy */ = {
			isa = PBXContainerItemProxy;
			containerPortal = F8322C3E1C4BD588004EE01B /* Project object */;
			proxyType = 1;
			remoteGlobalIDString = F8322C451C4BD588004EE01B;
			remoteInfo = LunchPicker;
		};
		F8322C691C4BD588004EE01B /* PBXContainerItemProxy */ = {
			isa = PBXContainerItemProxy;
			containerPortal = F8322C3E1C4BD588004EE01B /* Project object */;
			proxyType = 1;
			remoteGlobalIDString = F8322C451C4BD588004EE01B;
			remoteInfo = LunchPicker;
		};
/* End PBXContainerItemProxy section */

/* Begin PBXFileReference section */
		F8322C461C4BD588004EE01B /* LunchPicker.app */ = {isa = PBXFileReference; explicitFileType = wrapper.application; includeInIndex = 0; path = LunchPicker.app; sourceTree = BUILT_PRODUCTS_DIR; };
		F8322C491C4BD588004EE01B /* AppDelegate.swift */ = {isa = PBXFileReference; lastKnownFileType = sourcecode.swift; path = AppDelegate.swift; sourceTree = "<group>"; };
		F8322C4E1C4BD588004EE01B /* Base */ = {isa = PBXFileReference; lastKnownFileType = file.storyboard; name = Base; path = Base.lproj/Main.storyboard; sourceTree = "<group>"; };
		F8322C511C4BD588004EE01B /* LunchPicker.xcdatamodel */ = {isa = PBXFileReference; lastKnownFileType = wrapper.xcdatamodel; path = LunchPicker.xcdatamodel; sourceTree = "<group>"; };
		F8322C531C4BD588004EE01B /* Assets.xcassets */ = {isa = PBXFileReference; lastKnownFileType = folder.assetcatalog; path = Assets.xcassets; sourceTree = "<group>"; };
		F8322C561C4BD588004EE01B /* Base */ = {isa = PBXFileReference; lastKnownFileType = file.storyboard; name = Base; path = Base.lproj/LaunchScreen.storyboard; sourceTree = "<group>"; };
		F8322C581C4BD588004EE01B /* Info.plist */ = {isa = PBXFileReference; lastKnownFileType = text.plist.xml; path = Info.plist; sourceTree = "<group>"; };
		F8322C5D1C4BD588004EE01B /* LunchPickerTests.xctest */ = {isa = PBXFileReference; explicitFileType = wrapper.cfbundle; includeInIndex = 0; path = LunchPickerTests.xctest; sourceTree = BUILT_PRODUCTS_DIR; };
		F8322C611C4BD588004EE01B /* LunchPickerTests.swift */ = {isa = PBXFileReference; lastKnownFileType = sourcecode.swift; path = LunchPickerTests.swift; sourceTree = "<group>"; };
		F8322C631C4BD588004EE01B /* Info.plist */ = {isa = PBXFileReference; lastKnownFileType = text.plist.xml; path = Info.plist; sourceTree = "<group>"; };
		F8322C681C4BD588004EE01B /* LunchPickerUITests.xctest */ = {isa = PBXFileReference; explicitFileType = wrapper.cfbundle; includeInIndex = 0; path = LunchPickerUITests.xctest; sourceTree = BUILT_PRODUCTS_DIR; };
		F8322C6C1C4BD588004EE01B /* LunchPickerUITests.swift */ = {isa = PBXFileReference; lastKnownFileType = sourcecode.swift; path = LunchPickerUITests.swift; sourceTree = "<group>"; };
		F8322C6E1C4BD588004EE01B /* Info.plist */ = {isa = PBXFileReference; lastKnownFileType = text.plist.xml; path = Info.plist; sourceTree = "<group>"; };
		F8322C7A1C4BD65C004EE01B /* DataManager.swift */ = {isa = PBXFileReference; fileEncoding = 4; lastKnownFileType = sourcecode.swift; path = DataManager.swift; sourceTree = "<group>"; };
		F8322C7C1C4BD6A3004EE01B /* RestaurantsEntity+CoreDataProperties.swift */ = {isa = PBXFileReference; fileEncoding = 4; lastKnownFileType = sourcecode.swift; name = "RestaurantsEntity+CoreDataProperties.swift"; path = "../RestaurantsEntity+CoreDataProperties.swift"; sourceTree = "<group>"; };
		F8322C7D1C4BD6A3004EE01B /* RestaurantsEntity.swift */ = {isa = PBXFileReference; fileEncoding = 4; lastKnownFileType = sourcecode.swift; name = RestaurantsEntity.swift; path = ../RestaurantsEntity.swift; sourceTree = "<group>"; };
		F8322C821C4BDA30004EE01B /* AddRestaurantViewController.swift */ = {isa = PBXFileReference; fileEncoding = 4; lastKnownFileType = sourcecode.swift; path = AddRestaurantViewController.swift; sourceTree = "<group>"; };
		F8322C841C4BDCC4004EE01B /* ManageRestaurantsViewController.swift */ = {isa = PBXFileReference; fileEncoding = 4; lastKnownFileType = sourcecode.swift; path = ManageRestaurantsViewController.swift; sourceTree = "<group>"; };
		F8322C861C4BE051004EE01B /* MainViewController.swift */ = {isa = PBXFileReference; fileEncoding = 4; lastKnownFileType = sourcecode.swift; path = MainViewController.swift; sourceTree = "<group>"; };
		F8CF39D31C53BF27009A5420 /* LocalMapViewController.swift */ = {isa = PBXFileReference; fileEncoding = 4; lastKnownFileType = sourcecode.swift; path = LocalMapViewController.swift; sourceTree = "<group>"; };
/* End PBXFileReference section */

/* Begin PBXFrameworksBuildPhase section */
		F8322C431C4BD588004EE01B /* Frameworks */ = {
			isa = PBXFrameworksBuildPhase;
			buildActionMask = 2147483647;
			files = (
			);
			runOnlyForDeploymentPostprocessing = 0;
		};
		F8322C5A1C4BD588004EE01B /* Frameworks */ = {
			isa = PBXFrameworksBuildPhase;
			buildActionMask = 2147483647;
			files = (
			);
			runOnlyForDeploymentPostprocessing = 0;
		};
		F8322C651C4BD588004EE01B /* Frameworks */ = {
			isa = PBXFrameworksBuildPhase;
			buildActionMask = 2147483647;
			files = (
			);
			runOnlyForDeploymentPostprocessing = 0;
		};
/* End PBXFrameworksBuildPhase section */

/* Begin PBXGroup section */
		F8322C3D1C4BD588004EE01B = {
			isa = PBXGroup;
			children = (
				F8322C481C4BD588004EE01B /* LunchPicker */,
				F8322C601C4BD588004EE01B /* LunchPickerTests */,
				F8322C6B1C4BD588004EE01B /* LunchPickerUITests */,
				F8322C471C4BD588004EE01B /* Products */,
			);
			sourceTree = "<group>";
		};
		F8322C471C4BD588004EE01B /* Products */ = {
			isa = PBXGroup;
			children = (
				F8322C461C4BD588004EE01B /* LunchPicker.app */,
				F8322C5D1C4BD588004EE01B /* LunchPickerTests.xctest */,
				F8322C681C4BD588004EE01B /* LunchPickerUITests.xctest */,
			);
			name = Products;
			sourceTree = "<group>";
		};
		F8322C481C4BD588004EE01B /* LunchPicker */ = {
			isa = PBXGroup;
			children = (
				F87FFBAC1C4C879200C72CD5 /* Data */,
				F87FFBAB1C4C876B00C72CD5 /* ViewControllers */,
				F8322C491C4BD588004EE01B /* AppDelegate.swift */,
				F8322C4D1C4BD588004EE01B /* Main.storyboard */,
				F8322C531C4BD588004EE01B /* Assets.xcassets */,
				F8322C551C4BD588004EE01B /* LaunchScreen.storyboard */,
				F8322C581C4BD588004EE01B /* Info.plist */,
				F8322C501C4BD588004EE01B /* LunchPicker.xcdatamodeld */,
			);
			path = LunchPicker;
			sourceTree = "<group>";
		};
		F8322C601C4BD588004EE01B /* LunchPickerTests */ = {
			isa = PBXGroup;
			children = (
				F8322C611C4BD588004EE01B /* LunchPickerTests.swift */,
				F8322C631C4BD588004EE01B /* Info.plist */,
			);
			path = LunchPickerTests;
			sourceTree = "<group>";
		};
		F8322C6B1C4BD588004EE01B /* LunchPickerUITests */ = {
			isa = PBXGroup;
			children = (
				F8322C6C1C4BD588004EE01B /* LunchPickerUITests.swift */,
				F8322C6E1C4BD588004EE01B /* Info.plist */,
			);
			path = LunchPickerUITests;
			sourceTree = "<group>";
		};
		F87FFBAB1C4C876B00C72CD5 /* ViewControllers */ = {
			isa = PBXGroup;
			children = (
				F8322C861C4BE051004EE01B /* MainViewController.swift */,
				F8322C841C4BDCC4004EE01B /* ManageRestaurantsViewController.swift */,
				F8322C821C4BDA30004EE01B /* AddRestaurantViewController.swift */,
				F8CF39D31C53BF27009A5420 /* LocalMapViewController.swift */,
			);
			name = ViewControllers;
			sourceTree = "<group>";
		};
		F87FFBAC1C4C879200C72CD5 /* Data */ = {
			isa = PBXGroup;
			children = (
				F8322C7C1C4BD6A3004EE01B /* RestaurantsEntity+CoreDataProperties.swift */,
				F8322C7D1C4BD6A3004EE01B /* RestaurantsEntity.swift */,
				F8322C7A1C4BD65C004EE01B /* DataManager.swift */,
			);
			name = Data;
			sourceTree = "<group>";
		};
/* End PBXGroup section */

/* Begin PBXNativeTarget section */
		F8322C451C4BD588004EE01B /* LunchPicker */ = {
			isa = PBXNativeTarget;
			buildConfigurationList = F8322C711C4BD588004EE01B /* Build configuration list for PBXNativeTarget "LunchPicker" */;
			buildPhases = (
				F8322C421C4BD588004EE01B /* Sources */,
				F8322C431C4BD588004EE01B /* Frameworks */,
				F8322C441C4BD588004EE01B /* Resources */,
			);
			buildRules = (
			);
			dependencies = (
			);
			name = LunchPicker;
			productName = LunchPicker;
			productReference = F8322C461C4BD588004EE01B /* LunchPicker.app */;
			productType = "com.apple.product-type.application";
		};
		F8322C5C1C4BD588004EE01B /* LunchPickerTests */ = {
			isa = PBXNativeTarget;
			buildConfigurationList = F8322C741C4BD588004EE01B /* Build configuration list for PBXNativeTarget "LunchPickerTests" */;
			buildPhases = (
				F8322C591C4BD588004EE01B /* Sources */,
				F8322C5A1C4BD588004EE01B /* Frameworks */,
				F8322C5B1C4BD588004EE01B /* Resources */,
			);
			buildRules = (
			);
			dependencies = (
				F8322C5F1C4BD588004EE01B /* PBXTargetDependency */,
			);
			name = LunchPickerTests;
			productName = LunchPickerTests;
			productReference = F8322C5D1C4BD588004EE01B /* LunchPickerTests.xctest */;
			productType = "com.apple.product-type.bundle.unit-test";
		};
		F8322C671C4BD588004EE01B /* LunchPickerUITests */ = {
			isa = PBXNativeTarget;
			buildConfigurationList = F8322C771C4BD588004EE01B /* Build configuration list for PBXNativeTarget "LunchPickerUITests" */;
			buildPhases = (
				F8322C641C4BD588004EE01B /* Sources */,
				F8322C651C4BD588004EE01B /* Frameworks */,
				F8322C661C4BD588004EE01B /* Resources */,
			);
			buildRules = (
			);
			dependencies = (
				F8322C6A1C4BD588004EE01B /* PBXTargetDependency */,
			);
			name = LunchPickerUITests;
			productName = LunchPickerUITests;
			productReference = F8322C681C4BD588004EE01B /* LunchPickerUITests.xctest */;
			productType = "com.apple.product-type.bundle.ui-testing";
		};
/* End PBXNativeTarget section */

/* Begin PBXProject section */
		F8322C3E1C4BD588004EE01B /* Project object */ = {
			isa = PBXProject;
			attributes = {
				LastSwiftUpdateCheck = 0720;
				LastUpgradeCheck = 0720;
				ORGANIZATIONNAME = ZP;
				TargetAttributes = {
					F8322C451C4BD588004EE01B = {
						CreatedOnToolsVersion = 7.2;
						DevelopmentTeam = ZMT9RH2J53;
						LastSwiftMigration = 0800;
					};
					F8322C5C1C4BD588004EE01B = {
						CreatedOnToolsVersion = 7.2;
						DevelopmentTeam = ZMT9RH2J53;
						LastSwiftMigration = 0800;
						TestTargetID = F8322C451C4BD588004EE01B;
					};
					F8322C671C4BD588004EE01B = {
						CreatedOnToolsVersion = 7.2;
						DevelopmentTeam = ZMT9RH2J53;
						LastSwiftMigration = 0800;
						TestTargetID = F8322C451C4BD588004EE01B;
					};
				};
			};
			buildConfigurationList = F8322C411C4BD588004EE01B /* Build configuration list for PBXProject "LunchPicker" */;
			compatibilityVersion = "Xcode 3.2";
			developmentRegion = English;
			hasScannedForEncodings = 0;
			knownRegions = (
				en,
				Base,
			);
			mainGroup = F8322C3D1C4BD588004EE01B;
			productRefGroup = F8322C471C4BD588004EE01B /* Products */;
			projectDirPath = "";
			projectRoot = "";
			targets = (
				F8322C451C4BD588004EE01B /* LunchPicker */,
				F8322C5C1C4BD588004EE01B /* LunchPickerTests */,
				F8322C671C4BD588004EE01B /* LunchPickerUITests */,
			);
		};
/* End PBXProject section */

/* Begin PBXResourcesBuildPhase section */
		F8322C441C4BD588004EE01B /* Resources */ = {
			isa = PBXResourcesBuildPhase;
			buildActionMask = 2147483647;
			files = (
				F8322C571C4BD588004EE01B /* LaunchScreen.storyboard in Resources */,
				F8322C541C4BD588004EE01B /* Assets.xcassets in Resources */,
				F8322C4F1C4BD588004EE01B /* Main.storyboard in Resources */,
			);
			runOnlyForDeploymentPostprocessing = 0;
		};
		F8322C5B1C4BD588004EE01B /* Resources */ = {
			isa = PBXResourcesBuildPhase;
			buildActionMask = 2147483647;
			files = (
			);
			runOnlyForDeploymentPostprocessing = 0;
		};
		F8322C661C4BD588004EE01B /* Resources */ = {
			isa = PBXResourcesBuildPhase;
			buildActionMask = 2147483647;
			files = (
			);
			runOnlyForDeploymentPostprocessing = 0;
		};
/* End PBXResourcesBuildPhase section */

/* Begin PBXSourcesBuildPhase section */
		F8322C421C4BD588004EE01B /* Sources */ = {
			isa = PBXSourcesBuildPhase;
			buildActionMask = 2147483647;
			files = (
				F8CF39D41C53BF27009A5420 /* LocalMapViewController.swift in Sources */,
				F8322C4A1C4BD588004EE01B /* AppDelegate.swift in Sources */,
				F8322C7E1C4BD6A3004EE01B /* RestaurantsEntity+CoreDataProperties.swift in Sources */,
				F8322C7F1C4BD6A3004EE01B /* RestaurantsEntity.swift in Sources */,
				F8322C7B1C4BD65C004EE01B /* DataManager.swift in Sources */,
				F8322C831C4BDA30004EE01B /* AddRestaurantViewController.swift in Sources */,
				F8322C851C4BDCC4004EE01B /* ManageRestaurantsViewController.swift in Sources */,
				F8322C521C4BD588004EE01B /* LunchPicker.xcdatamodeld in Sources */,
				F8322C871C4BE051004EE01B /* MainViewController.swift in Sources */,
			);
			runOnlyForDeploymentPostprocessing = 0;
		};
		F8322C591C4BD588004EE01B /* Sources */ = {
			isa = PBXSourcesBuildPhase;
			buildActionMask = 2147483647;
			files = (
				F8322C621C4BD588004EE01B /* LunchPickerTests.swift in Sources */,
			);
			runOnlyForDeploymentPostprocessing = 0;
		};
		F8322C641C4BD588004EE01B /* Sources */ = {
			isa = PBXSourcesBuildPhase;
			buildActionMask = 2147483647;
			files = (
				F8322C6D1C4BD588004EE01B /* LunchPickerUITests.swift in Sources */,
			);
			runOnlyForDeploymentPostprocessing = 0;
		};
/* End PBXSourcesBuildPhase section */

/* Begin PBXTargetDependency section */
		F8322C5F1C4BD588004EE01B /* PBXTargetDependency */ = {
			isa = PBXTargetDependency;
			target = F8322C451C4BD588004EE01B /* LunchPicker */;
			targetProxy = F8322C5E1C4BD588004EE01B /* PBXContainerItemProxy */;
		};
		F8322C6A1C4BD588004EE01B /* PBXTargetDependency */ = {
			isa = PBXTargetDependency;
			target = F8322C451C4BD588004EE01B /* LunchPicker */;
			targetProxy = F8322C691C4BD588004EE01B /* PBXContainerItemProxy */;
		};
/* End PBXTargetDependency section */

/* Begin PBXVariantGroup section */
		F8322C4D1C4BD588004EE01B /* Main.storyboard */ = {
			isa = PBXVariantGroup;
			children = (
				F8322C4E1C4BD588004EE01B /* Base */,
			);
			name = Main.storyboard;
			sourceTree = "<group>";
		};
		F8322C551C4BD588004EE01B /* LaunchScreen.storyboard */ = {
			isa = PBXVariantGroup;
			children = (
				F8322C561C4BD588004EE01B /* Base */,
			);
			name = LaunchScreen.storyboard;
			sourceTree = "<group>";
		};
/* End PBXVariantGroup section */

/* Begin XCBuildConfiguration section */
		F8322C6F1C4BD588004EE01B /* Debug */ = {
			isa = XCBuildConfiguration;
			buildSettings = {
				ALWAYS_SEARCH_USER_PATHS = NO;
				CLANG_CXX_LANGUAGE_STANDARD = "gnu++0x";
				CLANG_CXX_LIBRARY = "libc++";
				CLANG_ENABLE_MODULES = YES;
				CLANG_ENABLE_OBJC_ARC = YES;
				CLANG_WARN_BOOL_CONVERSION = YES;
				CLANG_WARN_CONSTANT_CONVERSION = YES;
				CLANG_WARN_DIRECT_OBJC_ISA_USAGE = YES_ERROR;
				CLANG_WARN_EMPTY_BODY = YES;
				CLANG_WARN_ENUM_CONVERSION = YES;
				CLANG_WARN_INT_CONVERSION = YES;
				CLANG_WARN_OBJC_ROOT_CLASS = YES_ERROR;
				CLANG_WARN_UNREACHABLE_CODE = YES;
				CLANG_WARN__DUPLICATE_METHOD_MATCH = YES;
				"CODE_SIGN_IDENTITY[sdk=iphoneos*]" = "iPhone Developer";
				COPY_PHASE_STRIP = NO;
				DEBUG_INFORMATION_FORMAT = dwarf;
				ENABLE_STRICT_OBJC_MSGSEND = YES;
				ENABLE_TESTABILITY = YES;
				GCC_C_LANGUAGE_STANDARD = gnu99;
				GCC_DYNAMIC_NO_PIC = NO;
				GCC_NO_COMMON_BLOCKS = YES;
				GCC_OPTIMIZATION_LEVEL = 0;
				GCC_PREPROCESSOR_DEFINITIONS = (
					"DEBUG=1",
					"$(inherited)",
				);
				GCC_WARN_64_TO_32_BIT_CONVERSION = YES;
				GCC_WARN_ABOUT_RETURN_TYPE = YES_ERROR;
				GCC_WARN_UNDECLARED_SELECTOR = YES;
				GCC_WARN_UNINITIALIZED_AUTOS = YES_AGGRESSIVE;
				GCC_WARN_UNUSED_FUNCTION = YES;
				GCC_WARN_UNUSED_VARIABLE = YES;
				IPHONEOS_DEPLOYMENT_TARGET = 9.2;
				MTL_ENABLE_DEBUG_INFO = YES;
				ONLY_ACTIVE_ARCH = YES;
				SDKROOT = iphoneos;
				SWIFT_OPTIMIZATION_LEVEL = "-Onone";
			};
			name = Debug;
		};
		F8322C701C4BD588004EE01B /* Release */ = {
			isa = XCBuildConfiguration;
			buildSettings = {
				ALWAYS_SEARCH_USER_PATHS = NO;
				CLANG_CXX_LANGUAGE_STANDARD = "gnu++0x";
				CLANG_CXX_LIBRARY = "libc++";
				CLANG_ENABLE_MODULES = YES;
				CLANG_ENABLE_OBJC_ARC = YES;
				CLANG_WARN_BOOL_CONVERSION = YES;
				CLANG_WARN_CONSTANT_CONVERSION = YES;
				CLANG_WARN_DIRECT_OBJC_ISA_USAGE = YES_ERROR;
				CLANG_WARN_EMPTY_BODY = YES;
				CLANG_WARN_ENUM_CONVERSION = YES;
				CLANG_WARN_INT_CONVERSION = YES;
				CLANG_WARN_OBJC_ROOT_CLASS = YES_ERROR;
				CLANG_WARN_UNREACHABLE_CODE = YES;
				CLANG_WARN__DUPLICATE_METHOD_MATCH = YES;
				"CODE_SIGN_IDENTITY[sdk=iphoneos*]" = "iPhone Developer";
				COPY_PHASE_STRIP = NO;
				DEBUG_INFORMATION_FORMAT = "dwarf-with-dsym";
				ENABLE_NS_ASSERTIONS = NO;
				ENABLE_STRICT_OBJC_MSGSEND = YES;
				GCC_C_LANGUAGE_STANDARD = gnu99;
				GCC_NO_COMMON_BLOCKS = YES;
				GCC_WARN_64_TO_32_BIT_CONVERSION = YES;
				GCC_WARN_ABOUT_RETURN_TYPE = YES_ERROR;
				GCC_WARN_UNDECLARED_SELECTOR = YES;
				GCC_WARN_UNINITIALIZED_AUTOS = YES_AGGRESSIVE;
				GCC_WARN_UNUSED_FUNCTION = YES;
				GCC_WARN_UNUSED_VARIABLE = YES;
				IPHONEOS_DEPLOYMENT_TARGET = 9.2;
				MTL_ENABLE_DEBUG_INFO = NO;
				SDKROOT = iphoneos;
				VALIDATE_PRODUCT = YES;
			};
			name = Release;
		};
		F8322C721C4BD588004EE01B /* Debug */ = {
			isa = XCBuildConfiguration;
			buildSettings = {
				ASSETCATALOG_COMPILER_APPICON_NAME = AppIcon;
				CODE_SIGN_IDENTITY = "iPhone Developer";
				"CODE_SIGN_IDENTITY[sdk=iphoneos*]" = "iPhone Developer";
				INFOPLIST_FILE = LunchPicker/Info.plist;
				LD_RUNPATH_SEARCH_PATHS = "$(inherited) @executable_path/Frameworks";
				PRODUCT_BUNDLE_IDENTIFIER = com.ZP.LunchPicker3;
				PRODUCT_NAME = "$(TARGET_NAME)";
				PROVISIONING_PROFILE = "";
				SWIFT_VERSION = 3.0;
				TARGETED_DEVICE_FAMILY = "1,2";
			};
			name = Debug;
		};
		F8322C731C4BD588004EE01B /* Release */ = {
			isa = XCBuildConfiguration;
			buildSettings = {
				ASSETCATALOG_COMPILER_APPICON_NAME = AppIcon;
				CODE_SIGN_IDENTITY = "iPhone Developer";
				"CODE_SIGN_IDENTITY[sdk=iphoneos*]" = "iPhone Developer";
				INFOPLIST_FILE = LunchPicker/Info.plist;
				LD_RUNPATH_SEARCH_PATHS = "$(inherited) @executable_path/Frameworks";
				PRODUCT_BUNDLE_IDENTIFIER = com.ZP.LunchPicker3;
				PRODUCT_NAME = "$(TARGET_NAME)";
				PROVISIONING_PROFILE = "";
				SWIFT_VERSION = 3.0;
				TARGETED_DEVICE_FAMILY = "1,2";
			};
			name = Release;
		};
		F8322C751C4BD588004EE01B /* Debug */ = {
			isa = XCBuildConfiguration;
			buildSettings = {
				BUNDLE_LOADER = "$(TEST_HOST)";
				INFOPLIST_FILE = LunchPickerTests/Info.plist;
				LD_RUNPATH_SEARCH_PATHS = "$(inherited) @executable_path/Frameworks @loader_path/Frameworks";
				PRODUCT_BUNDLE_IDENTIFIER = com.ZP.LunchPickerTests;
				PRODUCT_NAME = "$(TARGET_NAME)";
				SWIFT_VERSION = 3.0;
				TEST_HOST = "$(BUILT_PRODUCTS_DIR)/LunchPicker.app/LunchPicker";
			};
			name = Debug;
		};
		F8322C761C4BD588004EE01B /* Release */ = {
			isa = XCBuildConfiguration;
			buildSettings = {
				BUNDLE_LOADER = "$(TEST_HOST)";
				INFOPLIST_FILE = LunchPickerTests/Info.plist;
				LD_RUNPATH_SEARCH_PATHS = "$(inherited) @executable_path/Frameworks @loader_path/Frameworks";
				PRODUCT_BUNDLE_IDENTIFIER = com.ZP.LunchPickerTests;
				PRODUCT_NAME = "$(TARGET_NAME)";
				SWIFT_VERSION = 3.0;
				TEST_HOST = "$(BUILT_PRODUCTS_DIR)/LunchPicker.app/LunchPicker";
			};
			name = Release;
		};
		F8322C781C4BD588004EE01B /* Debug */ = {
			isa = XCBuildConfiguration;
			buildSettings = {
				INFOPLIST_FILE = LunchPickerUITests/Info.plist;
				LD_RUNPATH_SEARCH_PATHS = "$(inherited) @executable_path/Frameworks @loader_path/Frameworks";
				PRODUCT_BUNDLE_IDENTIFIER = com.ZP.LunchPickerUITests;
				PRODUCT_NAME = "$(TARGET_NAME)";
				SWIFT_VERSION = 3.0;
				TEST_TARGET_NAME = LunchPicker;
				USES_XCTRUNNER = YES;
			};
			name = Debug;
		};
		F8322C791C4BD588004EE01B /* Release */ = {
			isa = XCBuildConfiguration;
			buildSettings = {
				INFOPLIST_FILE = LunchPickerUITests/Info.plist;
				LD_RUNPATH_SEARCH_PATHS = "$(inherited) @executable_path/Frameworks @loader_path/Frameworks";
				PRODUCT_BUNDLE_IDENTIFIER = com.ZP.LunchPickerUITests;
				PRODUCT_NAME = "$(TARGET_NAME)";
				SWIFT_VERSION = 3.0;
				TEST_TARGET_NAME = LunchPicker;
				USES_XCTRUNNER = YES;
			};
			name = Release;
		};
/* End XCBuildConfiguration section */

/* Begin XCConfigurationList section */
		F8322C411C4BD588004EE01B /* Build configuration list for PBXProject "LunchPicker" */ = {
			isa = XCConfigurationList;
			buildConfigurations = (
				F8322C6F1C4BD588004EE01B /* Debug */,
				F8322C701C4BD588004EE01B /* Release */,
			);
			defaultConfigurationIsVisible = 0;
			defaultConfigurationName = Release;
		};
		F8322C711C4BD588004EE01B /* Build configuration list for PBXNativeTarget "LunchPicker" */ = {
			isa = XCConfigurationList;
			buildConfigurations = (
				F8322C721C4BD588004EE01B /* Debug */,
				F8322C731C4BD588004EE01B /* Release */,
			);
			defaultConfigurationIsVisible = 0;
			defaultConfigurationName = Release;
		};
		F8322C741C4BD588004EE01B /* Build configuration list for PBXNativeTarget "LunchPickerTests" */ = {
			isa = XCConfigurationList;
			buildConfigurations = (
				F8322C751C4BD588004EE01B /* Debug */,
				F8322C761C4BD588004EE01B /* Release */,
			);
			defaultConfigurationIsVisible = 0;
			defaultConfigurationName = Release;
		};
		F8322C771C4BD588004EE01B /* Build configuration list for PBXNativeTarget "LunchPickerUITests" */ = {
			isa = XCConfigurationList;
			buildConfigurations = (
				F8322C781C4BD588004EE01B /* Debug */,
				F8322C791C4BD588004EE01B /* Release */,
			);
			defaultConfigurationIsVisible = 0;
			defaultConfigurationName = Release;
		};
/* End XCConfigurationList section */

/* Begin XCVersionGroup section */
		F8322C501C4BD588004EE01B /* LunchPicker.xcdatamodeld */ = {
			isa = XCVersionGroup;
			children = (
				F8322C511C4BD588004EE01B /* LunchPicker.xcdatamodel */,
			);
			currentVersion = F8322C511C4BD588004EE01B /* LunchPicker.xcdatamodel */;
			path = LunchPicker.xcdatamodeld;
			sourceTree = "<group>";
			versionGroupType = wrapper.xcdatamodel;
		};
/* End XCVersionGroup section */
	};
	rootObject = F8322C3E1C4BD588004EE01B /* Project object */;
}
